
Microsoft Visual Studio Solution File, Format Version 12.00
# Visual Studio Version 17
VisualStudioVersion = 17.11.35327.3
MinimumVisualStudioVersion = 10.0.40219.1
Project("{FAE04EC0-301F-11D3-BF4B-00C04F79EFBC}") = "Qlyrapchieuphim", "Qlyrapchieuphim\Qlyrapchieuphim.csproj", "{84B5275C-DAE7-42C3-9A04-8DCFD2D4BD0E}"
EndProject
Global
	GlobalSection(SolutionConfigurationPlatforms) = preSolution
		Debug|Any CPU = Debug|Any CPU
		Release|Any CPU = Release|Any CPU
	EndGlobalSection
	GlobalSection(ProjectConfigurationPlatforms) = postSolution
		{84B5275C-DAE7-42C3-9A04-8DCFD2D4BD0E}.Debug|Any CPU.ActiveCfg = Debug|Any CPU
		{84B5275C-DAE7-42C3-9A04-8DCFD2D4BD0E}.Debug|Any CPU.Build.0 = Debug|Any CPU
		{84B5275C-DAE7-42C3-9A04-8DCFD2D4BD0E}.Release|Any CPU.ActiveCfg = Release|Any CPU
		{84B5275C-DAE7-42C3-9A04-8DCFD2D4BD0E}.Release|Any CPU.Build.0 = Release|Any CPU
	EndGlobalSection
	GlobalSection(SolutionProperties) = preSolution
		HideSolutionNode = FALSE
	EndGlobalSection
	GlobalSection(ExtensibilityGlobals) = postSolution
		SolutionGuid = {95A7F3BE-5EDF-47BE-B48B-8AD05029CD05}
	EndGlobalSection
EndGlobal
